
Microsoft Visual Studio Solution File, Format Version 11.00
# Visual Studio 2010
Project("{FAE04EC0-301F-11D3-BF4B-00C04F79EFBC}") = "ViewerToolBox", "ViewerToolBox\ViewerToolBox.csproj", "{32F8709D-4723-4362-ADB2-9F551DA177ED}"
EndProject
Project("{FAE04EC0-301F-11D3-BF4B-00C04F79EFBC}") = "Viewer", "Viewer\Viewer.csproj", "{1C8A64EA-273C-4C6B-B546-72218F0CBB5E}"
EndProject
Project("{FAE04EC0-301F-11D3-BF4B-00C04F79EFBC}") = "UserControlTest", "UserControlTest\UserControlTest.csproj", "{2200EB4B-69A9-4C9B-A3A3-6C84C70B1108}"
EndProject
Project("{FAE04EC0-301F-11D3-BF4B-00C04F79EFBC}") = "ViewerToolBoxViewModel", "ViewerToolBoxViewModel\ViewerToolBoxViewModel.csproj", "{FCC2E7C4-4F79-49F5-B938-F61D4578ABE7}"
EndProject
Project("{FAE04EC0-301F-11D3-BF4B-00C04F79EFBC}") = "ViewerToolInterface", "ViewerToolInterface\ViewerToolInterface.csproj", "{1C24F85D-DD61-4726-913B-A4A67523CFA4}"
EndProject
Project("{FAE04EC0-301F-11D3-BF4B-00C04F79EFBC}") = "ViewerTool", "ViewerTool\ViewerTool.csproj", "{3F5F3025-7BEA-47B5-86A0-BAE8ED83E3C6}"
EndProject
Project("{FAE04EC0-301F-11D3-BF4B-00C04F79EFBC}") = "AppViewerTool", "AppViewerTool\AppViewerTool.csproj", "{F4C6F709-E39E-4553-BE46-5AC656CF7490}"
EndProject
Project("{FAE04EC0-301F-11D3-BF4B-00C04F79EFBC}") = "ViewerToolTest", "ViewerToolTest\ViewerToolTest.csproj", "{86B581CB-E960-4AA5-8983-74EBA3547B49}"
EndProject
Project("{2150E333-8FDC-42A3-9474-1A3956D46DE8}") = "Solution Items", "Solution Items", "{209CD9FE-0978-4509-B7E8-361C6B43CD0A}"
	ProjectSection(SolutionItems) = preProject
		Local.testsettings = Local.testsettings
		TraceAndTestImpact.testsettings = TraceAndTestImpact.testsettings
		ViewerToolBox.vsmdi = ViewerToolBox.vsmdi
	EndProjectSection
EndProject
Global
	GlobalSection(TestCaseManagementSettings) = postSolution
		CategoryFile = ViewerToolBox.vsmdi
	EndGlobalSection
	GlobalSection(SolutionConfigurationPlatforms) = preSolution
		Debug|Any CPU = Debug|Any CPU
		Release|Any CPU = Release|Any CPU
	EndGlobalSection
	GlobalSection(ProjectConfigurationPlatforms) = postSolution
		{32F8709D-4723-4362-ADB2-9F551DA177ED}.Debug|Any CPU.ActiveCfg = Debug|Any CPU
		{32F8709D-4723-4362-ADB2-9F551DA177ED}.Debug|Any CPU.Build.0 = Debug|Any CPU
		{32F8709D-4723-4362-ADB2-9F551DA177ED}.Release|Any CPU.ActiveCfg = Release|Any CPU
		{32F8709D-4723-4362-ADB2-9F551DA177ED}.Release|Any CPU.Build.0 = Release|Any CPU
		{1C8A64EA-273C-4C6B-B546-72218F0CBB5E}.Debug|Any CPU.ActiveCfg = Debug|Any CPU
		{1C8A64EA-273C-4C6B-B546-72218F0CBB5E}.Debug|Any CPU.Build.0 = Debug|Any CPU
		{1C8A64EA-273C-4C6B-B546-72218F0CBB5E}.Release|Any CPU.ActiveCfg = Release|x86
		{2200EB4B-69A9-4C9B-A3A3-6C84C70B1108}.Debug|Any CPU.ActiveCfg = Debug|Any CPU
		{2200EB4B-69A9-4C9B-A3A3-6C84C70B1108}.Debug|Any CPU.Build.0 = Debug|Any CPU
		{2200EB4B-69A9-4C9B-A3A3-6C84C70B1108}.Release|Any CPU.ActiveCfg = Release|x86
		{FCC2E7C4-4F79-49F5-B938-F61D4578ABE7}.Debug|Any CPU.ActiveCfg = Debug|Any CPU
		{FCC2E7C4-4F79-49F5-B938-F61D4578ABE7}.Debug|Any CPU.Build.0 = Debug|Any CPU
		{FCC2E7C4-4F79-49F5-B938-F61D4578ABE7}.Release|Any CPU.ActiveCfg = Release|Any CPU
		{FCC2E7C4-4F79-49F5-B938-F61D4578ABE7}.Release|Any CPU.Build.0 = Release|Any CPU
		{1C24F85D-DD61-4726-913B-A4A67523CFA4}.Debug|Any CPU.ActiveCfg = Debug|Any CPU
		{1C24F85D-DD61-4726-913B-A4A67523CFA4}.Debug|Any CPU.Build.0 = Debug|Any CPU
		{1C24F85D-DD61-4726-913B-A4A67523CFA4}.Release|Any CPU.ActiveCfg = Release|Any CPU
		{1C24F85D-DD61-4726-913B-A4A67523CFA4}.Release|Any CPU.Build.0 = Release|Any CPU
		{3F5F3025-7BEA-47B5-86A0-BAE8ED83E3C6}.Debug|Any CPU.ActiveCfg = Debug|Any CPU
		{3F5F3025-7BEA-47B5-86A0-BAE8ED83E3C6}.Debug|Any CPU.Build.0 = Debug|Any CPU
		{3F5F3025-7BEA-47B5-86A0-BAE8ED83E3C6}.Release|Any CPU.ActiveCfg = Release|Any CPU
		{3F5F3025-7BEA-47B5-86A0-BAE8ED83E3C6}.Release|Any CPU.Build.0 = Release|Any CPU
		{F4C6F709-E39E-4553-BE46-5AC656CF7490}.Debug|Any CPU.ActiveCfg = Debug|Any CPU
		{F4C6F709-E39E-4553-BE46-5AC656CF7490}.Debug|Any CPU.Build.0 = Debug|Any CPU
		{F4C6F709-E39E-4553-BE46-5AC656CF7490}.Release|Any CPU.ActiveCfg = Release|Any CPU
		{F4C6F709-E39E-4553-BE46-5AC656CF7490}.Release|Any CPU.Build.0 = Release|Any CPU
		{86B581CB-E960-4AA5-8983-74EBA3547B49}.Debug|Any CPU.ActiveCfg = Debug|Any CPU
		{86B581CB-E960-4AA5-8983-74EBA3547B49}.Debug|Any CPU.Build.0 = Debug|Any CPU
		{86B581CB-E960-4AA5-8983-74EBA3547B49}.Release|Any CPU.ActiveCfg = Release|Any CPU
		{86B581CB-E960-4AA5-8983-74EBA3547B49}.Release|Any CPU.Build.0 = Release|Any CPU
	EndGlobalSection
	GlobalSection(SolutionProperties) = preSolution
		HideSolutionNode = FALSE
	EndGlobalSection
EndGlobal
