
Microsoft Visual Studio Solution File, Format Version 11.00
# Visual Studio 2010
Project("{FAE04EC0-301F-11D3-BF4B-00C04F79EFBC}") = "ViewerToolBox", "ViewerToolBox\ViewerToolBox.csproj", "{32F8709D-4723-4362-ADB2-9F551DA177ED}"
EndProject
Project("{FAE04EC0-301F-11D3-BF4B-00C04F79EFBC}") = "Viewer", "Viewer\Viewer.csproj", "{1C8A64EA-273C-4C6B-B546-72218F0CBB5E}"
EndProject
Project("{FAE04EC0-301F-11D3-BF4B-00C04F79EFBC}") = "ViewerControlAdapter", "ViewerControlAdapter\ViewerControlAdapter.csproj", "{6E814F0D-BE95-42B9-9713-761D315A43BD}"
EndProject
Project("{FAE04EC0-301F-11D3-BF4B-00C04F79EFBC}") = "UserControlTest", "UserControlTest\UserControlTest.csproj", "{2200EB4B-69A9-4C9B-A3A3-6C84C70B1108}"
EndProject
Global
	GlobalSection(SolutionConfigurationPlatforms) = preSolution
		Debug|Any CPU = Debug|Any CPU
		Release|Any CPU = Release|Any CPU
	EndGlobalSection
	GlobalSection(ProjectConfigurationPlatforms) = postSolution
		{32F8709D-4723-4362-ADB2-9F551DA177ED}.Debug|Any CPU.ActiveCfg = Debug|Any CPU
		{32F8709D-4723-4362-ADB2-9F551DA177ED}.Debug|Any CPU.Build.0 = Debug|Any CPU
		{32F8709D-4723-4362-ADB2-9F551DA177ED}.Release|Any CPU.ActiveCfg = Release|Any CPU
		{32F8709D-4723-4362-ADB2-9F551DA177ED}.Release|Any CPU.Build.0 = Release|Any CPU
		{1C8A64EA-273C-4C6B-B546-72218F0CBB5E}.Debug|Any CPU.ActiveCfg = Debug|Any CPU
		{1C8A64EA-273C-4C6B-B546-72218F0CBB5E}.Debug|Any CPU.Build.0 = Debug|Any CPU
		{1C8A64EA-273C-4C6B-B546-72218F0CBB5E}.Release|Any CPU.ActiveCfg = Release|x86
		{6E814F0D-BE95-42B9-9713-761D315A43BD}.Debug|Any CPU.ActiveCfg = Debug|Any CPU
		{6E814F0D-BE95-42B9-9713-761D315A43BD}.Debug|Any CPU.Build.0 = Debug|Any CPU
		{6E814F0D-BE95-42B9-9713-761D315A43BD}.Release|Any CPU.ActiveCfg = Release|Any CPU
		{6E814F0D-BE95-42B9-9713-761D315A43BD}.Release|Any CPU.Build.0 = Release|Any CPU
		{2200EB4B-69A9-4C9B-A3A3-6C84C70B1108}.Debug|Any CPU.ActiveCfg = Debug|Any CPU
		{2200EB4B-69A9-4C9B-A3A3-6C84C70B1108}.Debug|Any CPU.Build.0 = Debug|Any CPU
		{2200EB4B-69A9-4C9B-A3A3-6C84C70B1108}.Release|Any CPU.ActiveCfg = Release|x86
	EndGlobalSection
	GlobalSection(SolutionProperties) = preSolution
		HideSolutionNode = FALSE
	EndGlobalSection
EndGlobal
